// !$*UTF8*$!
{
	archiveVersion = 1;
	classes = {
	};
	objectVersion = 46;
	objects = {

/* Begin PBXBuildFile section */
		1C1684F4174E3B3100A77192 /* CheckinView.xib in Resources */ = {isa = PBXBuildFile; fileRef = 1C1684F3174E3B3100A77192 /* CheckinView.xib */; };
		1C1684F7174E3BAF00A77192 /* CheckinView.m in Sources */ = {isa = PBXBuildFile; fileRef = 1C1684F6174E3BAF00A77192 /* CheckinView.m */; };
		1C1684FA174E4DBB00A77192 /* AppState.m in Sources */ = {isa = PBXBuildFile; fileRef = 1C1684F9174E4DBB00A77192 /* AppState.m */; };
		1C168500174E54A600A77192 /* Checkin.m in Sources */ = {isa = PBXBuildFile; fileRef = 1C1684FF174E54A600A77192 /* Checkin.m */; };
		1C8053B61754B58400900C54 /* compass.png in Resources */ = {isa = PBXBuildFile; fileRef = 1C8053B51754B58400900C54 /* compass.png */; };
		1C8053B81754BCDC00900C54 /* background.png in Resources */ = {isa = PBXBuildFile; fileRef = 1C8053B71754BCDC00900C54 /* background.png */; };
		1C8053BA1754BF3B00900C54 /* grid.png in Resources */ = {isa = PBXBuildFile; fileRef = 1C8053B91754BF3B00900C54 /* grid.png */; };
		1C8053BD1754D30900900C54 /* NavigationStatusView.m in Sources */ = {isa = PBXBuildFile; fileRef = 1C8053BC1754D30900900C54 /* NavigationStatusView.m */; };
		1C8053BF1754DB9400900C54 /* nav-bottom.png in Resources */ = {isa = PBXBuildFile; fileRef = 1C8053BE1754DB9400900C54 /* nav-bottom.png */; };
		1C8053C61754F94500900C54 /* target-checked-white.png in Resources */ = {isa = PBXBuildFile; fileRef = 1C8053C41754F94500900C54 /* target-checked-white.png */; };
		1C8053C71754F94500900C54 /* target-white.png in Resources */ = {isa = PBXBuildFile; fileRef = 1C8053C51754F94500900C54 /* target-white.png */; };
		1C8053CA175502D100900C54 /* target-checked.png in Resources */ = {isa = PBXBuildFile; fileRef = 1C8053C8175502D100900C54 /* target-checked.png */; };
		1C8053CB175502D100900C54 /* target.png in Resources */ = {isa = PBXBuildFile; fileRef = 1C8053C9175502D100900C54 /* target.png */; };
		1CB18465174BB55600D71DA4 /* CompassViewController.m in Sources */ = {isa = PBXBuildFile; fileRef = 1CB18464174BB55600D71DA4 /* CompassViewController.m */; };
		1CB18467174BB81800D71DA4 /* arrow.png in Resources */ = {isa = PBXBuildFile; fileRef = 1CB18466174BB81800D71DA4 /* arrow.png */; };
		1CB18469174BC0A500D71DA4 /* CoreLocation.framework in Frameworks */ = {isa = PBXBuildFile; fileRef = 1CB18468174BC0A500D71DA4 /* CoreLocation.framework */; };
		AC0AF4601754AA1D00B766E0 /* secret in Resources */ = {isa = PBXBuildFile; fileRef = AC0AF45F1754AA1D00B766E0 /* secret */; };
		AC0AF4751754AB4600B766E0 /* AFHTTPClient.m in Sources */ = {isa = PBXBuildFile; fileRef = AC0AF4631754AB4600B766E0 /* AFHTTPClient.m */; };
		AC0AF4761754AB4600B766E0 /* AFHTTPRequestOperation.m in Sources */ = {isa = PBXBuildFile; fileRef = AC0AF4651754AB4600B766E0 /* AFHTTPRequestOperation.m */; };
		AC0AF4771754AB4600B766E0 /* AFImageRequestOperation.m in Sources */ = {isa = PBXBuildFile; fileRef = AC0AF4671754AB4600B766E0 /* AFImageRequestOperation.m */; };
		AC0AF4781754AB4600B766E0 /* AFJSONRequestOperation.m in Sources */ = {isa = PBXBuildFile; fileRef = AC0AF4691754AB4600B766E0 /* AFJSONRequestOperation.m */; };
		AC0AF4791754AB4600B766E0 /* AFNetworkActivityIndicatorManager.m in Sources */ = {isa = PBXBuildFile; fileRef = AC0AF46B1754AB4600B766E0 /* AFNetworkActivityIndicatorManager.m */; };
		AC0AF47A1754AB4600B766E0 /* AFPropertyListRequestOperation.m in Sources */ = {isa = PBXBuildFile; fileRef = AC0AF46E1754AB4600B766E0 /* AFPropertyListRequestOperation.m */; };
		AC0AF47B1754AB4600B766E0 /* AFURLConnectionOperation.m in Sources */ = {isa = PBXBuildFile; fileRef = AC0AF4701754AB4600B766E0 /* AFURLConnectionOperation.m */; };
		AC0AF47C1754AB4600B766E0 /* AFXMLRequestOperation.m in Sources */ = {isa = PBXBuildFile; fileRef = AC0AF4721754AB4600B766E0 /* AFXMLRequestOperation.m */; };
		AC0AF47D1754AB4600B766E0 /* UIImageView+AFNetworking.m in Sources */ = {isa = PBXBuildFile; fileRef = AC0AF4741754AB4600B766E0 /* UIImageView+AFNetworking.m */; };
		AC0AF4841754B77500B766E0 /* LocationDetailViewController.m in Sources */ = {isa = PBXBuildFile; fileRef = AC0AF4821754B77500B766E0 /* LocationDetailViewController.m */; };
		AC0AF4851754B77500B766E0 /* LocationDetailViewController.xib in Resources */ = {isa = PBXBuildFile; fileRef = AC0AF4831754B77500B766E0 /* LocationDetailViewController.xib */; };
		AC0AF4871754BA6300B766E0 /* SystemConfiguration.framework in Frameworks */ = {isa = PBXBuildFile; fileRef = AC0AF4861754BA6300B766E0 /* SystemConfiguration.framework */; };
		AC0AF4891754BA6A00B766E0 /* MobileCoreServices.framework in Frameworks */ = {isa = PBXBuildFile; fileRef = AC0AF4881754BA6A00B766E0 /* MobileCoreServices.framework */; };
		AC0AF48C1754BC0000B766E0 /* RouteDetailTitleCell.m in Sources */ = {isa = PBXBuildFile; fileRef = AC0AF48B1754BC0000B766E0 /* RouteDetailTitleCell.m */; };
		AC0AF48E1754BC1800B766E0 /* RouteDetailTitleCell.xib in Resources */ = {isa = PBXBuildFile; fileRef = AC0AF48D1754BC1800B766E0 /* RouteDetailTitleCell.xib */; };
		AC0AF4941754C45400B766E0 /* RouteStartViewController.xib in Resources */ = {isa = PBXBuildFile; fileRef = AC0AF4931754C45300B766E0 /* RouteStartViewController.xib */; };
		AC0AF4961754D51D00B766E0 /* TableBackground.xib in Resources */ = {isa = PBXBuildFile; fileRef = AC0AF4951754D51D00B766E0 /* TableBackground.xib */; };
		AC0AF4981754D54200B766E0 /* viewbackground.png in Resources */ = {isa = PBXBuildFile; fileRef = AC0AF4971754D54200B766E0 /* viewbackground.png */; };
		AC0AF49A1754ED5800B766E0 /* cellbackground1.png in Resources */ = {isa = PBXBuildFile; fileRef = AC0AF4991754ED5800B766E0 /* cellbackground1.png */; };
		AC0AF49C1754ED8500B766E0 /* cellbackground2.png in Resources */ = {isa = PBXBuildFile; fileRef = AC0AF49B1754ED8500B766E0 /* cellbackground2.png */; };
		AC0AF49E1754ED8A00B766E0 /* cellbackground3.png in Resources */ = {isa = PBXBuildFile; fileRef = AC0AF49D1754ED8A00B766E0 /* cellbackground3.png */; };
		AC0AF4A01754FB5700B766E0 /* overlay-background.png in Resources */ = {isa = PBXBuildFile; fileRef = AC0AF49F1754FB5700B766E0 /* overlay-background.png */; };
		AC101686174D6F0F00761AC2 /* CLLocation+measuring.m in Sources */ = {isa = PBXBuildFile; fileRef = AC10167D174D6F0F00761AC2 /* CLLocation+measuring.m */; };
		AC101687174D6F0F00761AC2 /* CLLocation+routeInfo.m in Sources */ = {isa = PBXBuildFile; fileRef = AC10167F174D6F0F00761AC2 /* CLLocation+routeInfo.m */; };
		AC101688174D6F0F00761AC2 /* CLLocationDeadReckoning.m in Sources */ = {isa = PBXBuildFile; fileRef = AC101681174D6F0F00761AC2 /* CLLocationDeadReckoning.m */; };
		AC101689174D6F0F00761AC2 /* CLLocationDispatch.m in Sources */ = {isa = PBXBuildFile; fileRef = AC101683174D6F0F00761AC2 /* CLLocationDispatch.m */; };
		AC1017261752D18B00761AC2 /* GHGameData.m in Sources */ = {isa = PBXBuildFile; fileRef = AC10171F1752D18B00761AC2 /* GHGameData.m */; };
		AC1017271752D18B00761AC2 /* GHProfiles.m in Sources */ = {isa = PBXBuildFile; fileRef = AC1017211752D18B00761AC2 /* GHProfiles.m */; };
		AC1017281752D18B00761AC2 /* GHRoutes.m in Sources */ = {isa = PBXBuildFile; fileRef = AC1017231752D18B00761AC2 /* GHRoutes.m */; };
		AC1017291752D18B00761AC2 /* GHWaypoints.m in Sources */ = {isa = PBXBuildFile; fileRef = AC1017251752D18B00761AC2 /* GHWaypoints.m */; };
		AC5133FF17452D7400472022 /* SelectionCell.m in Sources */ = {isa = PBXBuildFile; fileRef = AC5133FE17452D7400472022 /* SelectionCell.m */; };
		AC5BEDA7174CC5970067F08F /* SelectionCell.xib in Resources */ = {isa = PBXBuildFile; fileRef = AC5BEDA6174CC5970067F08F /* SelectionCell.xib */; };
		AC5BEDA9174CC82D0067F08F /* default-profile.png in Resources */ = {isa = PBXBuildFile; fileRef = AC5BEDA8174CC82D0067F08F /* default-profile.png */; };
		ACA60BB8175357BC00EA4D53 /* NSData+MD5.m in Sources */ = {isa = PBXBuildFile; fileRef = ACA60BB7175357BC00EA4D53 /* NSData+MD5.m */; };
		ACA60BBA17535BEF00EA4D53 /* content.json in Resources */ = {isa = PBXBuildFile; fileRef = ACA60BB917535BEF00EA4D53 /* content.json */; };
		ACA60BBD175365A700EA4D53 /* NSDataAdditions.m in Sources */ = {isa = PBXBuildFile; fileRef = ACA60BBC175365A700EA4D53 /* NSDataAdditions.m */; };
		ACA60BC517539E3500EA4D53 /* RouteFinishedView.xib in Resources */ = {isa = PBXBuildFile; fileRef = ACA60BC317539E3500EA4D53 /* RouteFinishedView.xib */; };
		ACA60BC817539EEB00EA4D53 /* RouteFinishedView.m in Sources */ = {isa = PBXBuildFile; fileRef = ACA60BC717539EEB00EA4D53 /* RouteFinishedView.m */; };
		ACA60BCC17539FC700EA4D53 /* RewardViewController.m in Sources */ = {isa = PBXBuildFile; fileRef = ACA60BCA17539FC600EA4D53 /* RewardViewController.m */; };
		ACA60BCD17539FC700EA4D53 /* RewardViewController.xib in Resources */ = {isa = PBXBuildFile; fileRef = ACA60BCB17539FC700EA4D53 /* RewardViewController.xib */; };
		ACDD9B6C1743B20200D64682 /* UIKit.framework in Frameworks */ = {isa = PBXBuildFile; fileRef = ACDD9B6B1743B20200D64682 /* UIKit.framework */; };
		ACDD9B6E1743B20200D64682 /* Foundation.framework in Frameworks */ = {isa = PBXBuildFile; fileRef = ACDD9B6D1743B20200D64682 /* Foundation.framework */; };
		ACDD9B701743B20200D64682 /* CoreGraphics.framework in Frameworks */ = {isa = PBXBuildFile; fileRef = ACDD9B6F1743B20200D64682 /* CoreGraphics.framework */; };
		ACDD9B761743B20200D64682 /* InfoPlist.strings in Resources */ = {isa = PBXBuildFile; fileRef = ACDD9B741743B20200D64682 /* InfoPlist.strings */; };
		ACDD9B781743B20200D64682 /* main.m in Sources */ = {isa = PBXBuildFile; fileRef = ACDD9B771743B20200D64682 /* main.m */; };
		ACDD9B7C1743B20200D64682 /* AppDelegate.m in Sources */ = {isa = PBXBuildFile; fileRef = ACDD9B7B1743B20200D64682 /* AppDelegate.m */; };
		ACDD9B7E1743B20200D64682 /* Default.png in Resources */ = {isa = PBXBuildFile; fileRef = ACDD9B7D1743B20200D64682 /* Default.png */; };
		ACDD9B801743B20200D64682 /* Default@2x.png in Resources */ = {isa = PBXBuildFile; fileRef = ACDD9B7F1743B20200D64682 /* Default@2x.png */; };
		ACDD9B821743B20200D64682 /* Default-568h@2x.png in Resources */ = {isa = PBXBuildFile; fileRef = ACDD9B811743B20200D64682 /* Default-568h@2x.png */; };
		ACDD9BD01743CA8F00D64682 /* SelectionViewController.m in Sources */ = {isa = PBXBuildFile; fileRef = ACDD9BCE1743CA8F00D64682 /* SelectionViewController.m */; };
		ACDD9BD11743CA8F00D64682 /* SelectionViewController.xib in Resources */ = {isa = PBXBuildFile; fileRef = ACDD9BCF1743CA8F00D64682 /* SelectionViewController.xib */; };
		ACDD9BD51743CDCE00D64682 /* RouteStartViewController.m in Sources */ = {isa = PBXBuildFile; fileRef = ACDD9BD31743CDCE00D64682 /* RouteStartViewController.m */; };
		ACDD9BDB1743D1D700D64682 /* Localizable.strings in Resources */ = {isa = PBXBuildFile; fileRef = ACDD9BDD1743D1D700D64682 /* Localizable.strings */; };
		ACDD9BE21743E8D700D64682 /* closebox.png in Resources */ = {isa = PBXBuildFile; fileRef = ACDD9BE01743E8D700D64682 /* closebox.png */; };
		ACDD9BE31743E8D700D64682 /* closebox@2x.png in Resources */ = {isa = PBXBuildFile; fileRef = ACDD9BE11743E8D700D64682 /* closebox@2x.png */; };
		ACDD9BE71743E93C00D64682 /* OverlayView.m in Sources */ = {isa = PBXBuildFile; fileRef = ACDD9BE51743E93C00D64682 /* OverlayView.m */; };
		ACDD9BE81743E93C00D64682 /* OverlayView.xib in Resources */ = {isa = PBXBuildFile; fileRef = ACDD9BE61743E93C00D64682 /* OverlayView.xib */; };
		ACDD9BEA1743EBAB00D64682 /* QuartzCore.framework in Frameworks */ = {isa = PBXBuildFile; fileRef = ACDD9BE91743EBAB00D64682 /* QuartzCore.framework */; };
/* End PBXBuildFile section */

/* Begin PBXFileReference section */
		1C1684F3174E3B3100A77192 /* CheckinView.xib */ = {isa = PBXFileReference; fileEncoding = 4; lastKnownFileType = file.xib; path = CheckinView.xib; sourceTree = "<group>"; };
		1C1684F5174E3BAF00A77192 /* CheckinView.h */ = {isa = PBXFileReference; fileEncoding = 4; lastKnownFileType = sourcecode.c.h; path = CheckinView.h; sourceTree = "<group>"; };
		1C1684F6174E3BAF00A77192 /* CheckinView.m */ = {isa = PBXFileReference; fileEncoding = 4; lastKnownFileType = sourcecode.c.objc; path = CheckinView.m; sourceTree = "<group>"; };
		1C1684F8174E4DBB00A77192 /* AppState.h */ = {isa = PBXFileReference; fileEncoding = 4; lastKnownFileType = sourcecode.c.h; path = AppState.h; sourceTree = "<group>"; };
		1C1684F9174E4DBB00A77192 /* AppState.m */ = {isa = PBXFileReference; fileEncoding = 4; lastKnownFileType = sourcecode.c.objc; path = AppState.m; sourceTree = "<group>"; };
		1C1684FE174E54A600A77192 /* Checkin.h */ = {isa = PBXFileReference; fileEncoding = 4; lastKnownFileType = sourcecode.c.h; path = Checkin.h; sourceTree = "<group>"; };
		1C1684FF174E54A600A77192 /* Checkin.m */ = {isa = PBXFileReference; fileEncoding = 4; lastKnownFileType = sourcecode.c.objc; path = Checkin.m; sourceTree = "<group>"; };
		1C8053B51754B58400900C54 /* compass.png */ = {isa = PBXFileReference; lastKnownFileType = image.png; path = compass.png; sourceTree = "<group>"; };
		1C8053B71754BCDC00900C54 /* background.png */ = {isa = PBXFileReference; lastKnownFileType = image.png; path = background.png; sourceTree = "<group>"; };
		1C8053B91754BF3B00900C54 /* grid.png */ = {isa = PBXFileReference; lastKnownFileType = image.png; path = grid.png; sourceTree = "<group>"; };
		1C8053BB1754D30900900C54 /* NavigationStatusView.h */ = {isa = PBXFileReference; fileEncoding = 4; lastKnownFileType = sourcecode.c.h; path = NavigationStatusView.h; sourceTree = "<group>"; };
		1C8053BC1754D30900900C54 /* NavigationStatusView.m */ = {isa = PBXFileReference; fileEncoding = 4; lastKnownFileType = sourcecode.c.objc; path = NavigationStatusView.m; sourceTree = "<group>"; };
		1C8053BE1754DB9400900C54 /* nav-bottom.png */ = {isa = PBXFileReference; lastKnownFileType = image.png; path = "nav-bottom.png"; sourceTree = "<group>"; };
		1C8053C41754F94500900C54 /* target-checked-white.png */ = {isa = PBXFileReference; lastKnownFileType = image.png; path = "target-checked-white.png"; sourceTree = "<group>"; };
		1C8053C51754F94500900C54 /* target-white.png */ = {isa = PBXFileReference; lastKnownFileType = image.png; path = "target-white.png"; sourceTree = "<group>"; };
		1C8053C8175502D100900C54 /* target-checked.png */ = {isa = PBXFileReference; lastKnownFileType = image.png; path = "target-checked.png"; sourceTree = "<group>"; };
		1C8053C9175502D100900C54 /* target.png */ = {isa = PBXFileReference; lastKnownFileType = image.png; path = target.png; sourceTree = "<group>"; };
		1CB18463174BB55600D71DA4 /* CompassViewController.h */ = {isa = PBXFileReference; fileEncoding = 4; lastKnownFileType = sourcecode.c.h; path = CompassViewController.h; sourceTree = "<group>"; };
		1CB18464174BB55600D71DA4 /* CompassViewController.m */ = {isa = PBXFileReference; fileEncoding = 4; lastKnownFileType = sourcecode.c.objc; path = CompassViewController.m; sourceTree = "<group>"; };
		1CB18466174BB81800D71DA4 /* arrow.png */ = {isa = PBXFileReference; lastKnownFileType = image.png; path = arrow.png; sourceTree = "<group>"; };
		1CB18468174BC0A500D71DA4 /* CoreLocation.framework */ = {isa = PBXFileReference; lastKnownFileType = wrapper.framework; name = CoreLocation.framework; path = System/Library/Frameworks/CoreLocation.framework; sourceTree = SDKROOT; };
		AC0AF45F1754AA1D00B766E0 /* secret */ = {isa = PBXFileReference; fileEncoding = 4; lastKnownFileType = text; name = secret; path = ScavengerApp/secret; sourceTree = SOURCE_ROOT; };
		AC0AF4621754AB4600B766E0 /* AFHTTPClient.h */ = {isa = PBXFileReference; fileEncoding = 4; lastKnownFileType = sourcecode.c.h; path = AFHTTPClient.h; sourceTree = "<group>"; };
		AC0AF4631754AB4600B766E0 /* AFHTTPClient.m */ = {isa = PBXFileReference; fileEncoding = 4; lastKnownFileType = sourcecode.c.objc; path = AFHTTPClient.m; sourceTree = "<group>"; };
		AC0AF4641754AB4600B766E0 /* AFHTTPRequestOperation.h */ = {isa = PBXFileReference; fileEncoding = 4; lastKnownFileType = sourcecode.c.h; path = AFHTTPRequestOperation.h; sourceTree = "<group>"; };
		AC0AF4651754AB4600B766E0 /* AFHTTPRequestOperation.m */ = {isa = PBXFileReference; fileEncoding = 4; lastKnownFileType = sourcecode.c.objc; path = AFHTTPRequestOperation.m; sourceTree = "<group>"; };
		AC0AF4661754AB4600B766E0 /* AFImageRequestOperation.h */ = {isa = PBXFileReference; fileEncoding = 4; lastKnownFileType = sourcecode.c.h; path = AFImageRequestOperation.h; sourceTree = "<group>"; };
		AC0AF4671754AB4600B766E0 /* AFImageRequestOperation.m */ = {isa = PBXFileReference; fileEncoding = 4; lastKnownFileType = sourcecode.c.objc; path = AFImageRequestOperation.m; sourceTree = "<group>"; };
		AC0AF4681754AB4600B766E0 /* AFJSONRequestOperation.h */ = {isa = PBXFileReference; fileEncoding = 4; lastKnownFileType = sourcecode.c.h; path = AFJSONRequestOperation.h; sourceTree = "<group>"; };
		AC0AF4691754AB4600B766E0 /* AFJSONRequestOperation.m */ = {isa = PBXFileReference; fileEncoding = 4; lastKnownFileType = sourcecode.c.objc; path = AFJSONRequestOperation.m; sourceTree = "<group>"; };
		AC0AF46A1754AB4600B766E0 /* AFNetworkActivityIndicatorManager.h */ = {isa = PBXFileReference; fileEncoding = 4; lastKnownFileType = sourcecode.c.h; path = AFNetworkActivityIndicatorManager.h; sourceTree = "<group>"; };
		AC0AF46B1754AB4600B766E0 /* AFNetworkActivityIndicatorManager.m */ = {isa = PBXFileReference; fileEncoding = 4; lastKnownFileType = sourcecode.c.objc; path = AFNetworkActivityIndicatorManager.m; sourceTree = "<group>"; };
		AC0AF46C1754AB4600B766E0 /* AFNetworking.h */ = {isa = PBXFileReference; fileEncoding = 4; lastKnownFileType = sourcecode.c.h; path = AFNetworking.h; sourceTree = "<group>"; };
		AC0AF46D1754AB4600B766E0 /* AFPropertyListRequestOperation.h */ = {isa = PBXFileReference; fileEncoding = 4; lastKnownFileType = sourcecode.c.h; path = AFPropertyListRequestOperation.h; sourceTree = "<group>"; };
		AC0AF46E1754AB4600B766E0 /* AFPropertyListRequestOperation.m */ = {isa = PBXFileReference; fileEncoding = 4; lastKnownFileType = sourcecode.c.objc; path = AFPropertyListRequestOperation.m; sourceTree = "<group>"; };
		AC0AF46F1754AB4600B766E0 /* AFURLConnectionOperation.h */ = {isa = PBXFileReference; fileEncoding = 4; lastKnownFileType = sourcecode.c.h; path = AFURLConnectionOperation.h; sourceTree = "<group>"; };
		AC0AF4701754AB4600B766E0 /* AFURLConnectionOperation.m */ = {isa = PBXFileReference; fileEncoding = 4; lastKnownFileType = sourcecode.c.objc; path = AFURLConnectionOperation.m; sourceTree = "<group>"; };
		AC0AF4711754AB4600B766E0 /* AFXMLRequestOperation.h */ = {isa = PBXFileReference; fileEncoding = 4; lastKnownFileType = sourcecode.c.h; path = AFXMLRequestOperation.h; sourceTree = "<group>"; };
		AC0AF4721754AB4600B766E0 /* AFXMLRequestOperation.m */ = {isa = PBXFileReference; fileEncoding = 4; lastKnownFileType = sourcecode.c.objc; path = AFXMLRequestOperation.m; sourceTree = "<group>"; };
		AC0AF4731754AB4600B766E0 /* UIImageView+AFNetworking.h */ = {isa = PBXFileReference; fileEncoding = 4; lastKnownFileType = sourcecode.c.h; path = "UIImageView+AFNetworking.h"; sourceTree = "<group>"; };
		AC0AF4741754AB4600B766E0 /* UIImageView+AFNetworking.m */ = {isa = PBXFileReference; fileEncoding = 4; lastKnownFileType = sourcecode.c.objc; path = "UIImageView+AFNetworking.m"; sourceTree = "<group>"; };
		AC0AF4811754B77500B766E0 /* LocationDetailViewController.h */ = {isa = PBXFileReference; fileEncoding = 4; lastKnownFileType = sourcecode.c.h; path = LocationDetailViewController.h; sourceTree = "<group>"; };
		AC0AF4821754B77500B766E0 /* LocationDetailViewController.m */ = {isa = PBXFileReference; fileEncoding = 4; lastKnownFileType = sourcecode.c.objc; path = LocationDetailViewController.m; sourceTree = "<group>"; };
		AC0AF4831754B77500B766E0 /* LocationDetailViewController.xib */ = {isa = PBXFileReference; fileEncoding = 4; lastKnownFileType = file.xib; path = LocationDetailViewController.xib; sourceTree = "<group>"; };
		AC0AF4861754BA6300B766E0 /* SystemConfiguration.framework */ = {isa = PBXFileReference; lastKnownFileType = wrapper.framework; name = SystemConfiguration.framework; path = System/Library/Frameworks/SystemConfiguration.framework; sourceTree = SDKROOT; };
		AC0AF4881754BA6A00B766E0 /* MobileCoreServices.framework */ = {isa = PBXFileReference; lastKnownFileType = wrapper.framework; name = MobileCoreServices.framework; path = System/Library/Frameworks/MobileCoreServices.framework; sourceTree = SDKROOT; };
		AC0AF48A1754BC0000B766E0 /* RouteDetailTitleCell.h */ = {isa = PBXFileReference; fileEncoding = 4; lastKnownFileType = sourcecode.c.h; path = RouteDetailTitleCell.h; sourceTree = "<group>"; };
		AC0AF48B1754BC0000B766E0 /* RouteDetailTitleCell.m */ = {isa = PBXFileReference; fileEncoding = 4; lastKnownFileType = sourcecode.c.objc; path = RouteDetailTitleCell.m; sourceTree = "<group>"; };
		AC0AF48D1754BC1800B766E0 /* RouteDetailTitleCell.xib */ = {isa = PBXFileReference; fileEncoding = 4; lastKnownFileType = file.xib; path = RouteDetailTitleCell.xib; sourceTree = "<group>"; };
		AC0AF4931754C45300B766E0 /* RouteStartViewController.xib */ = {isa = PBXFileReference; fileEncoding = 4; lastKnownFileType = file.xib; path = RouteStartViewController.xib; sourceTree = "<group>"; };
		AC0AF4951754D51D00B766E0 /* TableBackground.xib */ = {isa = PBXFileReference; fileEncoding = 4; lastKnownFileType = file.xib; path = TableBackground.xib; sourceTree = "<group>"; };
		AC0AF4971754D54200B766E0 /* viewbackground.png */ = {isa = PBXFileReference; lastKnownFileType = image.png; path = viewbackground.png; sourceTree = "<group>"; };
		AC0AF4991754ED5800B766E0 /* cellbackground1.png */ = {isa = PBXFileReference; lastKnownFileType = image.png; path = cellbackground1.png; sourceTree = "<group>"; };
		AC0AF49B1754ED8500B766E0 /* cellbackground2.png */ = {isa = PBXFileReference; lastKnownFileType = image.png; path = cellbackground2.png; sourceTree = "<group>"; };
		AC0AF49D1754ED8A00B766E0 /* cellbackground3.png */ = {isa = PBXFileReference; lastKnownFileType = image.png; path = cellbackground3.png; sourceTree = "<group>"; };
		AC0AF49F1754FB5700B766E0 /* overlay-background.png */ = {isa = PBXFileReference; lastKnownFileType = image.png; path = "overlay-background.png"; sourceTree = "<group>"; };
		AC10167C174D6F0F00761AC2 /* CLLocation+measuring.h */ = {isa = PBXFileReference; fileEncoding = 4; lastKnownFileType = sourcecode.c.h; path = "CLLocation+measuring.h"; sourceTree = "<group>"; };
		AC10167D174D6F0F00761AC2 /* CLLocation+measuring.m */ = {isa = PBXFileReference; fileEncoding = 4; lastKnownFileType = sourcecode.c.objc; path = "CLLocation+measuring.m"; sourceTree = "<group>"; };
		AC10167E174D6F0F00761AC2 /* CLLocation+routeInfo.h */ = {isa = PBXFileReference; fileEncoding = 4; lastKnownFileType = sourcecode.c.h; path = "CLLocation+routeInfo.h"; sourceTree = "<group>"; };
		AC10167F174D6F0F00761AC2 /* CLLocation+routeInfo.m */ = {isa = PBXFileReference; fileEncoding = 4; lastKnownFileType = sourcecode.c.objc; path = "CLLocation+routeInfo.m"; sourceTree = "<group>"; };
		AC101680174D6F0F00761AC2 /* CLLocationDeadReckoning.h */ = {isa = PBXFileReference; fileEncoding = 4; lastKnownFileType = sourcecode.c.h; path = CLLocationDeadReckoning.h; sourceTree = "<group>"; };
		AC101681174D6F0F00761AC2 /* CLLocationDeadReckoning.m */ = {isa = PBXFileReference; fileEncoding = 4; lastKnownFileType = sourcecode.c.objc; path = CLLocationDeadReckoning.m; sourceTree = "<group>"; };
		AC101682174D6F0F00761AC2 /* CLLocationDispatch.h */ = {isa = PBXFileReference; fileEncoding = 4; lastKnownFileType = sourcecode.c.h; path = CLLocationDispatch.h; sourceTree = "<group>"; };
		AC101683174D6F0F00761AC2 /* CLLocationDispatch.m */ = {isa = PBXFileReference; fileEncoding = 4; lastKnownFileType = sourcecode.c.objc; path = CLLocationDispatch.m; sourceTree = "<group>"; };
		AC101684174D6F0F00761AC2 /* CLUtilsDefines.h */ = {isa = PBXFileReference; fileEncoding = 4; lastKnownFileType = sourcecode.c.h; path = CLUtilsDefines.h; sourceTree = "<group>"; };
		AC1016F91752B2CF00761AC2 /* DataModels.h */ = {isa = PBXFileReference; fileEncoding = 4; lastKnownFileType = sourcecode.c.h; path = DataModels.h; sourceTree = "<group>"; };
		AC10171D1752D18B00761AC2 /* APIDataModels.h */ = {isa = PBXFileReference; fileEncoding = 4; lastKnownFileType = sourcecode.c.h; path = APIDataModels.h; sourceTree = "<group>"; };
		AC10171E1752D18B00761AC2 /* GHGameData.h */ = {isa = PBXFileReference; fileEncoding = 4; lastKnownFileType = sourcecode.c.h; path = GHGameData.h; sourceTree = "<group>"; };
		AC10171F1752D18B00761AC2 /* GHGameData.m */ = {isa = PBXFileReference; fileEncoding = 4; lastKnownFileType = sourcecode.c.objc; path = GHGameData.m; sourceTree = "<group>"; };
		AC1017201752D18B00761AC2 /* GHProfiles.h */ = {isa = PBXFileReference; fileEncoding = 4; lastKnownFileType = sourcecode.c.h; path = GHProfiles.h; sourceTree = "<group>"; };
		AC1017211752D18B00761AC2 /* GHProfiles.m */ = {isa = PBXFileReference; fileEncoding = 4; lastKnownFileType = sourcecode.c.objc; path = GHProfiles.m; sourceTree = "<group>"; };
		AC1017221752D18B00761AC2 /* GHRoutes.h */ = {isa = PBXFileReference; fileEncoding = 4; lastKnownFileType = sourcecode.c.h; path = GHRoutes.h; sourceTree = "<group>"; };
		AC1017231752D18B00761AC2 /* GHRoutes.m */ = {isa = PBXFileReference; fileEncoding = 4; lastKnownFileType = sourcecode.c.objc; path = GHRoutes.m; sourceTree = "<group>"; };
		AC1017241752D18B00761AC2 /* GHWaypoints.h */ = {isa = PBXFileReference; fileEncoding = 4; lastKnownFileType = sourcecode.c.h; path = GHWaypoints.h; sourceTree = "<group>"; };
		AC1017251752D18B00761AC2 /* GHWaypoints.m */ = {isa = PBXFileReference; fileEncoding = 4; lastKnownFileType = sourcecode.c.objc; path = GHWaypoints.m; sourceTree = "<group>"; };
		AC5133FD17452D7400472022 /* SelectionCell.h */ = {isa = PBXFileReference; fileEncoding = 4; lastKnownFileType = sourcecode.c.h; name = SelectionCell.h; path = ../SelectionCell.h; sourceTree = "<group>"; };
		AC5133FE17452D7400472022 /* SelectionCell.m */ = {isa = PBXFileReference; fileEncoding = 4; lastKnownFileType = sourcecode.c.objc; name = SelectionCell.m; path = ../SelectionCell.m; sourceTree = "<group>"; };
		AC5BEDA6174CC5970067F08F /* SelectionCell.xib */ = {isa = PBXFileReference; fileEncoding = 4; lastKnownFileType = file.xib; name = SelectionCell.xib; path = ../SelectionCell.xib; sourceTree = "<group>"; };
		AC5BEDA8174CC82D0067F08F /* default-profile.png */ = {isa = PBXFileReference; lastKnownFileType = image.png; path = "default-profile.png"; sourceTree = "<group>"; };
		ACA60BB61753577E00EA4D53 /* NSData+MD5.h */ = {isa = PBXFileReference; lastKnownFileType = sourcecode.c.h; path = "NSData+MD5.h"; sourceTree = "<group>"; };
		ACA60BB7175357BC00EA4D53 /* NSData+MD5.m */ = {isa = PBXFileReference; fileEncoding = 4; lastKnownFileType = sourcecode.c.objc; path = "NSData+MD5.m"; sourceTree = "<group>"; };
		ACA60BB917535BEF00EA4D53 /* content.json */ = {isa = PBXFileReference; fileEncoding = 4; lastKnownFileType = text.json; path = content.json; sourceTree = "<group>"; };
		ACA60BBB175365A700EA4D53 /* NSDataAdditions.h */ = {isa = PBXFileReference; fileEncoding = 4; lastKnownFileType = sourcecode.c.h; path = NSDataAdditions.h; sourceTree = "<group>"; };
		ACA60BBC175365A700EA4D53 /* NSDataAdditions.m */ = {isa = PBXFileReference; fileEncoding = 4; lastKnownFileType = sourcecode.c.objc; path = NSDataAdditions.m; sourceTree = "<group>"; };
		ACA60BC317539E3500EA4D53 /* RouteFinishedView.xib */ = {isa = PBXFileReference; fileEncoding = 4; lastKnownFileType = file.xib; path = RouteFinishedView.xib; sourceTree = "<group>"; };
		ACA60BC617539EEB00EA4D53 /* RouteFinishedView.h */ = {isa = PBXFileReference; fileEncoding = 4; lastKnownFileType = sourcecode.c.h; path = RouteFinishedView.h; sourceTree = "<group>"; };
		ACA60BC717539EEB00EA4D53 /* RouteFinishedView.m */ = {isa = PBXFileReference; fileEncoding = 4; lastKnownFileType = sourcecode.c.objc; path = RouteFinishedView.m; sourceTree = "<group>"; };
		ACA60BC917539FC600EA4D53 /* RewardViewController.h */ = {isa = PBXFileReference; fileEncoding = 4; lastKnownFileType = sourcecode.c.h; path = RewardViewController.h; sourceTree = "<group>"; };
		ACA60BCA17539FC600EA4D53 /* RewardViewController.m */ = {isa = PBXFileReference; fileEncoding = 4; lastKnownFileType = sourcecode.c.objc; path = RewardViewController.m; sourceTree = "<group>"; };
		ACA60BCB17539FC700EA4D53 /* RewardViewController.xib */ = {isa = PBXFileReference; fileEncoding = 4; lastKnownFileType = file.xib; path = RewardViewController.xib; sourceTree = "<group>"; };
		ACDD9B681743B20200D64682 /* ScavengerApp.app */ = {isa = PBXFileReference; explicitFileType = wrapper.application; includeInIndex = 0; path = ScavengerApp.app; sourceTree = BUILT_PRODUCTS_DIR; };
		ACDD9B6B1743B20200D64682 /* UIKit.framework */ = {isa = PBXFileReference; lastKnownFileType = wrapper.framework; name = UIKit.framework; path = System/Library/Frameworks/UIKit.framework; sourceTree = SDKROOT; };
		ACDD9B6D1743B20200D64682 /* Foundation.framework */ = {isa = PBXFileReference; lastKnownFileType = wrapper.framework; name = Foundation.framework; path = System/Library/Frameworks/Foundation.framework; sourceTree = SDKROOT; };
		ACDD9B6F1743B20200D64682 /* CoreGraphics.framework */ = {isa = PBXFileReference; lastKnownFileType = wrapper.framework; name = CoreGraphics.framework; path = System/Library/Frameworks/CoreGraphics.framework; sourceTree = SDKROOT; };
		ACDD9B731743B20200D64682 /* ScavengerApp-Info.plist */ = {isa = PBXFileReference; lastKnownFileType = text.plist.xml; path = "ScavengerApp-Info.plist"; sourceTree = "<group>"; };
		ACDD9B751743B20200D64682 /* en */ = {isa = PBXFileReference; lastKnownFileType = text.plist.strings; name = en; path = en.lproj/InfoPlist.strings; sourceTree = "<group>"; };
		ACDD9B771743B20200D64682 /* main.m */ = {isa = PBXFileReference; lastKnownFileType = sourcecode.c.objc; path = main.m; sourceTree = "<group>"; };
		ACDD9B791743B20200D64682 /* ScavengerApp-Prefix.pch */ = {isa = PBXFileReference; lastKnownFileType = sourcecode.c.h; path = "ScavengerApp-Prefix.pch"; sourceTree = "<group>"; };
		ACDD9B7A1743B20200D64682 /* AppDelegate.h */ = {isa = PBXFileReference; lastKnownFileType = sourcecode.c.h; path = AppDelegate.h; sourceTree = "<group>"; };
		ACDD9B7B1743B20200D64682 /* AppDelegate.m */ = {isa = PBXFileReference; lastKnownFileType = sourcecode.c.objc; path = AppDelegate.m; sourceTree = "<group>"; };
		ACDD9B7D1743B20200D64682 /* Default.png */ = {isa = PBXFileReference; lastKnownFileType = image.png; path = Default.png; sourceTree = "<group>"; };
		ACDD9B7F1743B20200D64682 /* Default@2x.png */ = {isa = PBXFileReference; lastKnownFileType = image.png; path = "Default@2x.png"; sourceTree = "<group>"; };
		ACDD9B811743B20200D64682 /* Default-568h@2x.png */ = {isa = PBXFileReference; lastKnownFileType = image.png; path = "Default-568h@2x.png"; sourceTree = "<group>"; };
		ACDD9BCD1743CA8F00D64682 /* SelectionViewController.h */ = {isa = PBXFileReference; fileEncoding = 4; lastKnownFileType = sourcecode.c.h; path = SelectionViewController.h; sourceTree = "<group>"; };
		ACDD9BCE1743CA8F00D64682 /* SelectionViewController.m */ = {isa = PBXFileReference; fileEncoding = 4; lastKnownFileType = sourcecode.c.objc; path = SelectionViewController.m; sourceTree = "<group>"; };
		ACDD9BCF1743CA8F00D64682 /* SelectionViewController.xib */ = {isa = PBXFileReference; fileEncoding = 4; lastKnownFileType = file.xib; path = SelectionViewController.xib; sourceTree = "<group>"; };
		ACDD9BD21743CDCE00D64682 /* RouteStartViewController.h */ = {isa = PBXFileReference; fileEncoding = 4; lastKnownFileType = sourcecode.c.h; path = RouteStartViewController.h; sourceTree = "<group>"; };
		ACDD9BD31743CDCE00D64682 /* RouteStartViewController.m */ = {isa = PBXFileReference; fileEncoding = 4; lastKnownFileType = sourcecode.c.objc; path = RouteStartViewController.m; sourceTree = "<group>"; };
		ACDD9BD81743D0E600D64682 /* nl */ = {isa = PBXFileReference; lastKnownFileType = text.plist.strings; name = nl; path = nl.lproj/InfoPlist.strings; sourceTree = "<group>"; };
		ACDD9BDC1743D1D700D64682 /* en */ = {isa = PBXFileReference; lastKnownFileType = text.plist.strings; name = en; path = en.lproj/Localizable.strings; sourceTree = "<group>"; };
		ACDD9BDE1743D1DB00D64682 /* nl */ = {isa = PBXFileReference; lastKnownFileType = text.plist.strings; name = nl; path = nl.lproj/Localizable.strings; sourceTree = "<group>"; };
		ACDD9BE01743E8D700D64682 /* closebox.png */ = {isa = PBXFileReference; lastKnownFileType = image.png; path = closebox.png; sourceTree = "<group>"; };
		ACDD9BE11743E8D700D64682 /* closebox@2x.png */ = {isa = PBXFileReference; lastKnownFileType = image.png; path = "closebox@2x.png"; sourceTree = "<group>"; };
		ACDD9BE41743E93C00D64682 /* OverlayView.h */ = {isa = PBXFileReference; fileEncoding = 4; lastKnownFileType = sourcecode.c.h; path = OverlayView.h; sourceTree = "<group>"; };
		ACDD9BE51743E93C00D64682 /* OverlayView.m */ = {isa = PBXFileReference; fileEncoding = 4; lastKnownFileType = sourcecode.c.objc; path = OverlayView.m; sourceTree = "<group>"; };
		ACDD9BE61743E93C00D64682 /* OverlayView.xib */ = {isa = PBXFileReference; fileEncoding = 4; lastKnownFileType = file.xib; path = OverlayView.xib; sourceTree = "<group>"; };
		ACDD9BE91743EBAB00D64682 /* QuartzCore.framework */ = {isa = PBXFileReference; lastKnownFileType = wrapper.framework; name = QuartzCore.framework; path = System/Library/Frameworks/QuartzCore.framework; sourceTree = SDKROOT; };
/* End PBXFileReference section */

/* Begin PBXFrameworksBuildPhase section */
		ACDD9B651743B20200D64682 /* Frameworks */ = {
			isa = PBXFrameworksBuildPhase;
			buildActionMask = 2147483647;
			files = (
				AC0AF4891754BA6A00B766E0 /* MobileCoreServices.framework in Frameworks */,
				AC0AF4871754BA6300B766E0 /* SystemConfiguration.framework in Frameworks */,
				1CB18469174BC0A500D71DA4 /* CoreLocation.framework in Frameworks */,
				ACDD9BEA1743EBAB00D64682 /* QuartzCore.framework in Frameworks */,
				ACDD9B6C1743B20200D64682 /* UIKit.framework in Frameworks */,
				ACDD9B6E1743B20200D64682 /* Foundation.framework in Frameworks */,
				ACDD9B701743B20200D64682 /* CoreGraphics.framework in Frameworks */,
			);
			runOnlyForDeploymentPostprocessing = 0;
		};
/* End PBXFrameworksBuildPhase section */

/* Begin PBXGroup section */
		AC0AF4611754AB4600B766E0 /* AFNetworking */ = {
			isa = PBXGroup;
			children = (
				AC0AF4621754AB4600B766E0 /* AFHTTPClient.h */,
				AC0AF4631754AB4600B766E0 /* AFHTTPClient.m */,
				AC0AF4641754AB4600B766E0 /* AFHTTPRequestOperation.h */,
				AC0AF4651754AB4600B766E0 /* AFHTTPRequestOperation.m */,
				AC0AF4661754AB4600B766E0 /* AFImageRequestOperation.h */,
				AC0AF4671754AB4600B766E0 /* AFImageRequestOperation.m */,
				AC0AF4681754AB4600B766E0 /* AFJSONRequestOperation.h */,
				AC0AF4691754AB4600B766E0 /* AFJSONRequestOperation.m */,
				AC0AF46A1754AB4600B766E0 /* AFNetworkActivityIndicatorManager.h */,
				AC0AF46B1754AB4600B766E0 /* AFNetworkActivityIndicatorManager.m */,
				AC0AF46C1754AB4600B766E0 /* AFNetworking.h */,
				AC0AF46D1754AB4600B766E0 /* AFPropertyListRequestOperation.h */,
				AC0AF46E1754AB4600B766E0 /* AFPropertyListRequestOperation.m */,
				AC0AF46F1754AB4600B766E0 /* AFURLConnectionOperation.h */,
				AC0AF4701754AB4600B766E0 /* AFURLConnectionOperation.m */,
				AC0AF4711754AB4600B766E0 /* AFXMLRequestOperation.h */,
				AC0AF4721754AB4600B766E0 /* AFXMLRequestOperation.m */,
				AC0AF4731754AB4600B766E0 /* UIImageView+AFNetworking.h */,
				AC0AF4741754AB4600B766E0 /* UIImageView+AFNetworking.m */,
			);
			name = AFNetworking;
			path = AFNetworking/AFNetworking;
			sourceTree = "<group>";
		};
		AC10167A174D6F0F00761AC2 /* CoreLocationUtils */ = {
			isa = PBXGroup;
			children = (
				AC10167B174D6F0F00761AC2 /* CoreLocationUtils */,
			);
			path = CoreLocationUtils;
			sourceTree = SOURCE_ROOT;
		};
		AC10167B174D6F0F00761AC2 /* CoreLocationUtils */ = {
			isa = PBXGroup;
			children = (
				AC10167C174D6F0F00761AC2 /* CLLocation+measuring.h */,
				AC10167D174D6F0F00761AC2 /* CLLocation+measuring.m */,
				AC10167E174D6F0F00761AC2 /* CLLocation+routeInfo.h */,
				AC10167F174D6F0F00761AC2 /* CLLocation+routeInfo.m */,
				AC101680174D6F0F00761AC2 /* CLLocationDeadReckoning.h */,
				AC101681174D6F0F00761AC2 /* CLLocationDeadReckoning.m */,
				AC101682174D6F0F00761AC2 /* CLLocationDispatch.h */,
				AC101683174D6F0F00761AC2 /* CLLocationDispatch.m */,
				AC101684174D6F0F00761AC2 /* CLUtilsDefines.h */,
			);
			path = CoreLocationUtils;
			sourceTree = "<group>";
		};
		AC10170F1752B2DE00761AC2 /* API */ = {
			isa = PBXGroup;
			children = (
				AC10171D1752D18B00761AC2 /* APIDataModels.h */,
				AC10171E1752D18B00761AC2 /* GHGameData.h */,
				AC10171F1752D18B00761AC2 /* GHGameData.m */,
				AC1017201752D18B00761AC2 /* GHProfiles.h */,
				AC1017211752D18B00761AC2 /* GHProfiles.m */,
				AC1017221752D18B00761AC2 /* GHRoutes.h */,
				AC1017231752D18B00761AC2 /* GHRoutes.m */,
				AC1017241752D18B00761AC2 /* GHWaypoints.h */,
				AC1017251752D18B00761AC2 /* GHWaypoints.m */,
			);
			path = API;
			sourceTree = "<group>";
		};
		AC4542A2174BAD81005F5DDE /* Model */ = {
			isa = PBXGroup;
			children = (
				AC1016F91752B2CF00761AC2 /* DataModels.h */,
				1C1684FE174E54A600A77192 /* Checkin.h */,
				1C1684FF174E54A600A77192 /* Checkin.m */,
			);
			path = Model;
			sourceTree = "<group>";
		};
		ACA60BB51753574800EA4D53 /* Extensions */ = {
			isa = PBXGroup;
			children = (
				ACA60BBB175365A700EA4D53 /* NSDataAdditions.h */,
				ACA60BBC175365A700EA4D53 /* NSDataAdditions.m */,
				ACA60BB61753577E00EA4D53 /* NSData+MD5.h */,
				ACA60BB7175357BC00EA4D53 /* NSData+MD5.m */,
			);
			path = Extensions;
			sourceTree = "<group>";
		};
		ACA60BC017539E1D00EA4D53 /* Cells */ = {
			isa = PBXGroup;
			children = (
				AC0AF48A1754BC0000B766E0 /* RouteDetailTitleCell.h */,
				AC0AF48B1754BC0000B766E0 /* RouteDetailTitleCell.m */,
				AC0AF48D1754BC1800B766E0 /* RouteDetailTitleCell.xib */,
				AC5133FD17452D7400472022 /* SelectionCell.h */,
				AC5133FE17452D7400472022 /* SelectionCell.m */,
				AC5BEDA6174CC5970067F08F /* SelectionCell.xib */,
			);
			path = Cells;
			sourceTree = "<group>";
		};
		ACDD9B5F1743B20200D64682 = {
			isa = PBXGroup;
			children = (
				AC0AF4611754AB4600B766E0 /* AFNetworking */,
				AC10167A174D6F0F00761AC2 /* CoreLocationUtils */,
				ACDD9BDF1743E8D700D64682 /* Assets */,
				ACDD9B711743B20200D64682 /* ScavengerApp */,
				ACDD9B6A1743B20200D64682 /* Frameworks */,
				ACDD9B691743B20200D64682 /* Products */,
			);
			sourceTree = "<group>";
		};
		ACDD9B691743B20200D64682 /* Products */ = {
			isa = PBXGroup;
			children = (
				ACDD9B681743B20200D64682 /* ScavengerApp.app */,
			);
			name = Products;
			sourceTree = "<group>";
		};
		ACDD9B6A1743B20200D64682 /* Frameworks */ = {
			isa = PBXGroup;
			children = (
				AC0AF4881754BA6A00B766E0 /* MobileCoreServices.framework */,
				AC0AF4861754BA6300B766E0 /* SystemConfiguration.framework */,
				1CB18468174BC0A500D71DA4 /* CoreLocation.framework */,
				ACDD9BE91743EBAB00D64682 /* QuartzCore.framework */,
				ACDD9B6B1743B20200D64682 /* UIKit.framework */,
				ACDD9B6D1743B20200D64682 /* Foundation.framework */,
				ACDD9B6F1743B20200D64682 /* CoreGraphics.framework */,
			);
			name = Frameworks;
			sourceTree = "<group>";
		};
		ACDD9B711743B20200D64682 /* ScavengerApp */ = {
			isa = PBXGroup;
			children = (
				ACA60BC017539E1D00EA4D53 /* Cells */,
				ACA60BB51753574800EA4D53 /* Extensions */,
				AC10170F1752B2DE00761AC2 /* API */,
				AC4542A2174BAD81005F5DDE /* Model */,
				ACDD9B7A1743B20200D64682 /* AppDelegate.h */,
				ACDD9B7B1743B20200D64682 /* AppDelegate.m */,
				1CB18463174BB55600D71DA4 /* CompassViewController.h */,
				1CB18464174BB55600D71DA4 /* CompassViewController.m */,
				1C8053BB1754D30900900C54 /* NavigationStatusView.h */,
				1C8053BC1754D30900900C54 /* NavigationStatusView.m */,
				ACDD9BCD1743CA8F00D64682 /* SelectionViewController.h */,
				ACDD9BCE1743CA8F00D64682 /* SelectionViewController.m */,
				AC0AF4931754C45300B766E0 /* RouteStartViewController.xib */,
				ACDD9BCF1743CA8F00D64682 /* SelectionViewController.xib */,
				ACDD9BD21743CDCE00D64682 /* RouteStartViewController.h */,
				ACDD9BD31743CDCE00D64682 /* RouteStartViewController.m */,
				AC0AF4811754B77500B766E0 /* LocationDetailViewController.h */,
				AC0AF4821754B77500B766E0 /* LocationDetailViewController.m */,
				AC0AF4831754B77500B766E0 /* LocationDetailViewController.xib */,
				AC0AF4951754D51D00B766E0 /* TableBackground.xib */,
				ACDD9BE41743E93C00D64682 /* OverlayView.h */,
				ACDD9BE51743E93C00D64682 /* OverlayView.m */,
				ACDD9BE61743E93C00D64682 /* OverlayView.xib */,
				1C1684F3174E3B3100A77192 /* CheckinView.xib */,
				1C1684F5174E3BAF00A77192 /* CheckinView.h */,
				1C1684F6174E3BAF00A77192 /* CheckinView.m */,
				1C1684F8174E4DBB00A77192 /* AppState.h */,
				1C1684F9174E4DBB00A77192 /* AppState.m */,
				ACA60BC617539EEB00EA4D53 /* RouteFinishedView.h */,
				ACA60BC717539EEB00EA4D53 /* RouteFinishedView.m */,
				ACA60BC317539E3500EA4D53 /* RouteFinishedView.xib */,
				ACA60BC917539FC600EA4D53 /* RewardViewController.h */,
				ACA60BCA17539FC600EA4D53 /* RewardViewController.m */,
				ACA60BCB17539FC700EA4D53 /* RewardViewController.xib */,
				ACDD9B721743B20200D64682 /* Supporting Files */,
			);
			path = ScavengerApp;
			sourceTree = "<group>";
		};
		ACDD9B721743B20200D64682 /* Supporting Files */ = {
			isa = PBXGroup;
			children = (
				ACDD9C111744CB6500D64682 /* Data */,
				ACDD9B731743B20200D64682 /* ScavengerApp-Info.plist */,
				ACDD9B741743B20200D64682 /* InfoPlist.strings */,
				ACDD9B771743B20200D64682 /* main.m */,
				ACDD9B791743B20200D64682 /* ScavengerApp-Prefix.pch */,
				ACDD9B7D1743B20200D64682 /* Default.png */,
				ACDD9B7F1743B20200D64682 /* Default@2x.png */,
				ACDD9B811743B20200D64682 /* Default-568h@2x.png */,
				ACDD9BDD1743D1D700D64682 /* Localizable.strings */,
			);
			name = "Supporting Files";
			sourceTree = "<group>";
		};
		ACDD9BDF1743E8D700D64682 /* Assets */ = {
			isa = PBXGroup;
			children = (
				1C8053C8175502D100900C54 /* target-checked.png */,
				1C8053C9175502D100900C54 /* target.png */,
				1C8053C41754F94500900C54 /* target-checked-white.png */,
				1C8053C51754F94500900C54 /* target-white.png */,
				1C8053BE1754DB9400900C54 /* nav-bottom.png */,
				1C8053B91754BF3B00900C54 /* grid.png */,
				1C8053B71754BCDC00900C54 /* background.png */,
				1C8053B51754B58400900C54 /* compass.png */,
				AC0AF49F1754FB5700B766E0 /* overlay-background.png */,
				AC0AF4991754ED5800B766E0 /* cellbackground1.png */,
				AC0AF49B1754ED8500B766E0 /* cellbackground2.png */,
				AC0AF49D1754ED8A00B766E0 /* cellbackground3.png */,
				AC0AF4971754D54200B766E0 /* viewbackground.png */,
				AC0AF48F1754BFFD00B766E0 /* target-checked.png */,
				AC0AF4901754BFFD00B766E0 /* target.png */,
				AC5BEDB7174CD8B40067F08F /* ring_compas.png */,
				AC5BEDA8174CC82D0067F08F /* default-profile.png */,
				1CB18466174BB81800D71DA4 /* arrow.png */,
				ACDD9BE01743E8D700D64682 /* closebox.png */,
				ACDD9BE11743E8D700D64682 /* closebox@2x.png */,
			);
			path = Assets;
			sourceTree = "<group>";
		};
		ACDD9C111744CB6500D64682 /* Data */ = {
			isa = PBXGroup;
			children = (
				AC0AF45F1754AA1D00B766E0 /* secret */,
				ACA60BB917535BEF00EA4D53 /* content.json */,
			);
			path = Data;
			sourceTree = "<group>";
		};
/* End PBXGroup section */

/* Begin PBXNativeTarget section */
		ACDD9B671743B20200D64682 /* ScavengerApp */ = {
			isa = PBXNativeTarget;
			buildConfigurationList = ACDD9B8B1743B20200D64682 /* Build configuration list for PBXNativeTarget "ScavengerApp" */;
			buildPhases = (
				ACDD9B641743B20200D64682 /* Sources */,
				ACDD9B651743B20200D64682 /* Frameworks */,
				ACDD9B661743B20200D64682 /* Resources */,
				AC101693174EBE0500761AC2 /* ShellScript */,
			);
			buildRules = (
			);
			dependencies = (
			);
			name = ScavengerApp;
			productName = ScavengerApp;
			productReference = ACDD9B681743B20200D64682 /* ScavengerApp.app */;
			productType = "com.apple.product-type.application";
		};
/* End PBXNativeTarget section */

/* Begin PBXProject section */
		ACDD9B601743B20200D64682 /* Project object */ = {
			isa = PBXProject;
			attributes = {
				LastUpgradeCheck = 0460;
				ORGANIZATIONNAME = "Code for Europe";
			};
			buildConfigurationList = ACDD9B631743B20200D64682 /* Build configuration list for PBXProject "ScavengerApp" */;
			compatibilityVersion = "Xcode 3.2";
			developmentRegion = English;
			hasScannedForEncodings = 0;
			knownRegions = (
				en,
				nl,
			);
			mainGroup = ACDD9B5F1743B20200D64682;
			productRefGroup = ACDD9B691743B20200D64682 /* Products */;
			projectDirPath = "";
			projectRoot = "";
			targets = (
				ACDD9B671743B20200D64682 /* ScavengerApp */,
			);
		};
/* End PBXProject section */

/* Begin PBXResourcesBuildPhase section */
		ACDD9B661743B20200D64682 /* Resources */ = {
			isa = PBXResourcesBuildPhase;
			buildActionMask = 2147483647;
			files = (
				ACDD9B761743B20200D64682 /* InfoPlist.strings in Resources */,
				ACDD9B7E1743B20200D64682 /* Default.png in Resources */,
				ACDD9B801743B20200D64682 /* Default@2x.png in Resources */,
				ACDD9B821743B20200D64682 /* Default-568h@2x.png in Resources */,
				ACDD9BD11743CA8F00D64682 /* SelectionViewController.xib in Resources */,
				ACDD9BDB1743D1D700D64682 /* Localizable.strings in Resources */,
				ACDD9BE21743E8D700D64682 /* closebox.png in Resources */,
				ACDD9BE31743E8D700D64682 /* closebox@2x.png in Resources */,
				ACDD9BE81743E93C00D64682 /* OverlayView.xib in Resources */,
				1CB18467174BB81800D71DA4 /* arrow.png in Resources */,
				AC5BEDA7174CC5970067F08F /* SelectionCell.xib in Resources */,
				AC5BEDA9174CC82D0067F08F /* default-profile.png in Resources */,
				1C1684F4174E3B3100A77192 /* CheckinView.xib in Resources */,
				ACA60BBA17535BEF00EA4D53 /* content.json in Resources */,
				ACA60BC517539E3500EA4D53 /* RouteFinishedView.xib in Resources */,
				ACA60BCD17539FC700EA4D53 /* RewardViewController.xib in Resources */,
				AC0AF4601754AA1D00B766E0 /* secret in Resources */,
				1C8053B61754B58400900C54 /* compass.png in Resources */,
				1C8053B81754BCDC00900C54 /* background.png in Resources */,
				1C8053BA1754BF3B00900C54 /* grid.png in Resources */,
				1C8053BF1754DB9400900C54 /* nav-bottom.png in Resources */,
				1C8053C61754F94500900C54 /* target-checked-white.png in Resources */,
				1C8053C71754F94500900C54 /* target-white.png in Resources */,
				AC0AF4851754B77500B766E0 /* LocationDetailViewController.xib in Resources */,
				AC0AF48E1754BC1800B766E0 /* RouteDetailTitleCell.xib in Resources */,
				AC0AF4941754C45400B766E0 /* RouteStartViewController.xib in Resources */,
				1C8053CA175502D100900C54 /* target-checked.png in Resources */,
				1C8053CB175502D100900C54 /* target.png in Resources */,
				AC0AF4961754D51D00B766E0 /* TableBackground.xib in Resources */,
				AC0AF4981754D54200B766E0 /* viewbackground.png in Resources */,
				AC0AF49A1754ED5800B766E0 /* cellbackground1.png in Resources */,
				AC0AF49C1754ED8500B766E0 /* cellbackground2.png in Resources */,
				AC0AF49E1754ED8A00B766E0 /* cellbackground3.png in Resources */,
				AC0AF4A01754FB5700B766E0 /* overlay-background.png in Resources */,
			);
			runOnlyForDeploymentPostprocessing = 0;
		};
/* End PBXResourcesBuildPhase section */

/* Begin PBXShellScriptBuildPhase section */
		AC101693174EBE0500761AC2 /* ShellScript */ = {
			isa = PBXShellScriptBuildPhase;
			buildActionMask = 2147483647;
			files = (
			);
			inputPaths = (
			);
			outputPaths = (
			);
			runOnlyForDeploymentPostprocessing = 0;
			shellPath = /bin/sh;
			shellScript = "KEYWORDS=\"TODO:|FIXME:|\\?\\?\\?:|\\!\\!\\!:\"\n\nfind \"${SRCROOT}\" \\( -name \"*.h\" -or -name \"*.m\" \\) -print0 | xargs -0 egrep --with-filename --line-number --only-matching \"($KEYWORDS).*\\$\" | perl -p -e \"s/($KEYWORDS)/ warning: \\$1/\"    ";
		};
/* End PBXShellScriptBuildPhase section */

/* Begin PBXSourcesBuildPhase section */
		ACDD9B641743B20200D64682 /* Sources */ = {
			isa = PBXSourcesBuildPhase;
			buildActionMask = 2147483647;
			files = (
				ACDD9B781743B20200D64682 /* main.m in Sources */,
				ACDD9B7C1743B20200D64682 /* AppDelegate.m in Sources */,
				ACDD9BD01743CA8F00D64682 /* SelectionViewController.m in Sources */,
				ACDD9BD51743CDCE00D64682 /* RouteStartViewController.m in Sources */,
				ACDD9BE71743E93C00D64682 /* OverlayView.m in Sources */,
				AC5133FF17452D7400472022 /* SelectionCell.m in Sources */,
				1CB18465174BB55600D71DA4 /* CompassViewController.m in Sources */,
				AC101686174D6F0F00761AC2 /* CLLocation+measuring.m in Sources */,
				AC101687174D6F0F00761AC2 /* CLLocation+routeInfo.m in Sources */,
				AC101688174D6F0F00761AC2 /* CLLocationDeadReckoning.m in Sources */,
				AC101689174D6F0F00761AC2 /* CLLocationDispatch.m in Sources */,
				1C1684F7174E3BAF00A77192 /* CheckinView.m in Sources */,
				1C1684FA174E4DBB00A77192 /* AppState.m in Sources */,
				1C168500174E54A600A77192 /* Checkin.m in Sources */,
				AC1017261752D18B00761AC2 /* GHGameData.m in Sources */,
				AC1017271752D18B00761AC2 /* GHProfiles.m in Sources */,
				AC1017281752D18B00761AC2 /* GHRoutes.m in Sources */,
				AC1017291752D18B00761AC2 /* GHWaypoints.m in Sources */,
				ACA60BB8175357BC00EA4D53 /* NSData+MD5.m in Sources */,
				ACA60BBD175365A700EA4D53 /* NSDataAdditions.m in Sources */,
				ACA60BC817539EEB00EA4D53 /* RouteFinishedView.m in Sources */,
				ACA60BCC17539FC700EA4D53 /* RewardViewController.m in Sources */,
				AC0AF4751754AB4600B766E0 /* AFHTTPClient.m in Sources */,
				AC0AF4761754AB4600B766E0 /* AFHTTPRequestOperation.m in Sources */,
				AC0AF4771754AB4600B766E0 /* AFImageRequestOperation.m in Sources */,
				AC0AF4781754AB4600B766E0 /* AFJSONRequestOperation.m in Sources */,
				AC0AF4791754AB4600B766E0 /* AFNetworkActivityIndicatorManager.m in Sources */,
				AC0AF47A1754AB4600B766E0 /* AFPropertyListRequestOperation.m in Sources */,
				AC0AF47B1754AB4600B766E0 /* AFURLConnectionOperation.m in Sources */,
				AC0AF47C1754AB4600B766E0 /* AFXMLRequestOperation.m in Sources */,
				AC0AF47D1754AB4600B766E0 /* UIImageView+AFNetworking.m in Sources */,
				1C8053BD1754D30900900C54 /* NavigationStatusView.m in Sources */,
				AC0AF4841754B77500B766E0 /* LocationDetailViewController.m in Sources */,
				AC0AF48C1754BC0000B766E0 /* RouteDetailTitleCell.m in Sources */,
			);
			runOnlyForDeploymentPostprocessing = 0;
		};
/* End PBXSourcesBuildPhase section */

/* Begin PBXVariantGroup section */
		ACDD9B741743B20200D64682 /* InfoPlist.strings */ = {
			isa = PBXVariantGroup;
			children = (
				ACDD9B751743B20200D64682 /* en */,
				ACDD9BD81743D0E600D64682 /* nl */,
			);
			name = InfoPlist.strings;
			sourceTree = "<group>";
		};
		ACDD9BDD1743D1D700D64682 /* Localizable.strings */ = {
			isa = PBXVariantGroup;
			children = (
				ACDD9BDC1743D1D700D64682 /* en */,
				ACDD9BDE1743D1DB00D64682 /* nl */,
			);
			name = Localizable.strings;
			sourceTree = "<group>";
		};
/* End PBXVariantGroup section */

/* Begin XCBuildConfiguration section */
		ACDD9B891743B20200D64682 /* Debug */ = {
			isa = XCBuildConfiguration;
			buildSettings = {
				ALWAYS_SEARCH_USER_PATHS = NO;
				CLANG_CXX_LANGUAGE_STANDARD = "gnu++0x";
				CLANG_CXX_LIBRARY = "libc++";
				CLANG_ENABLE_OBJC_ARC = YES;
				CLANG_WARN_CONSTANT_CONVERSION = YES;
				CLANG_WARN_EMPTY_BODY = YES;
				CLANG_WARN_ENUM_CONVERSION = YES;
				CLANG_WARN_INT_CONVERSION = YES;
				CLANG_WARN__DUPLICATE_METHOD_MATCH = YES;
				"CODE_SIGN_IDENTITY[sdk=iphoneos*]" = "iPhone Developer";
				COPY_PHASE_STRIP = NO;
				GCC_C_LANGUAGE_STANDARD = gnu99;
				GCC_DYNAMIC_NO_PIC = NO;
				GCC_OPTIMIZATION_LEVEL = 0;
				GCC_PREPROCESSOR_DEFINITIONS = (
					"DEBUG=1",
					"$(inherited)",
				);
				GCC_SYMBOLS_PRIVATE_EXTERN = NO;
				GCC_WARN_ABOUT_RETURN_TYPE = YES;
				GCC_WARN_UNINITIALIZED_AUTOS = YES;
				GCC_WARN_UNUSED_VARIABLE = YES;
				IPHONEOS_DEPLOYMENT_TARGET = 6.1;
				ONLY_ACTIVE_ARCH = YES;
				SDKROOT = iphoneos;
			};
			name = Debug;
		};
		ACDD9B8A1743B20200D64682 /* Release */ = {
			isa = XCBuildConfiguration;
			buildSettings = {
				ALWAYS_SEARCH_USER_PATHS = NO;
				CLANG_CXX_LANGUAGE_STANDARD = "gnu++0x";
				CLANG_CXX_LIBRARY = "libc++";
				CLANG_ENABLE_OBJC_ARC = YES;
				CLANG_WARN_CONSTANT_CONVERSION = YES;
				CLANG_WARN_EMPTY_BODY = YES;
				CLANG_WARN_ENUM_CONVERSION = YES;
				CLANG_WARN_INT_CONVERSION = YES;
				CLANG_WARN__DUPLICATE_METHOD_MATCH = YES;
				"CODE_SIGN_IDENTITY[sdk=iphoneos*]" = "iPhone Developer";
				COPY_PHASE_STRIP = YES;
				GCC_C_LANGUAGE_STANDARD = gnu99;
				GCC_WARN_ABOUT_RETURN_TYPE = YES;
				GCC_WARN_UNINITIALIZED_AUTOS = YES;
				GCC_WARN_UNUSED_VARIABLE = YES;
				IPHONEOS_DEPLOYMENT_TARGET = 6.1;
				OTHER_CFLAGS = "-DNS_BLOCK_ASSERTIONS=1";
				SDKROOT = iphoneos;
				VALIDATE_PRODUCT = YES;
			};
			name = Release;
		};
		ACDD9B8C1743B20200D64682 /* Debug */ = {
			isa = XCBuildConfiguration;
			buildSettings = {
				GCC_PRECOMPILE_PREFIX_HEADER = YES;
				GCC_PREFIX_HEADER = "ScavengerApp/ScavengerApp-Prefix.pch";
				INFOPLIST_FILE = "ScavengerApp/ScavengerApp-Info.plist";
				IPHONEOS_DEPLOYMENT_TARGET = 6.0;
				PRODUCT_NAME = "$(TARGET_NAME)";
				WRAPPER_EXTENSION = app;
			};
			name = Debug;
		};
		ACDD9B8D1743B20200D64682 /* Release */ = {
			isa = XCBuildConfiguration;
			buildSettings = {
				GCC_PRECOMPILE_PREFIX_HEADER = YES;
				GCC_PREFIX_HEADER = "ScavengerApp/ScavengerApp-Prefix.pch";
				INFOPLIST_FILE = "ScavengerApp/ScavengerApp-Info.plist";
				IPHONEOS_DEPLOYMENT_TARGET = 6.0;
				PRODUCT_NAME = "$(TARGET_NAME)";
				WRAPPER_EXTENSION = app;
			};
			name = Release;
		};
/* End XCBuildConfiguration section */

/* Begin XCConfigurationList section */
		ACDD9B631743B20200D64682 /* Build configuration list for PBXProject "ScavengerApp" */ = {
			isa = XCConfigurationList;
			buildConfigurations = (
				ACDD9B891743B20200D64682 /* Debug */,
				ACDD9B8A1743B20200D64682 /* Release */,
			);
			defaultConfigurationIsVisible = 0;
			defaultConfigurationName = Release;
		};
		ACDD9B8B1743B20200D64682 /* Build configuration list for PBXNativeTarget "ScavengerApp" */ = {
			isa = XCConfigurationList;
			buildConfigurations = (
				ACDD9B8C1743B20200D64682 /* Debug */,
				ACDD9B8D1743B20200D64682 /* Release */,
			);
			defaultConfigurationIsVisible = 0;
			defaultConfigurationName = Release;
		};
/* End XCConfigurationList section */
	};
	rootObject = ACDD9B601743B20200D64682 /* Project object */;
}
